
Microsoft Visual Studio Solution File, Format Version 12.00
# Visual Studio Version 17
VisualStudioVersion = 17.14.36202.13
MinimumVisualStudioVersion = 10.0.40219.1
Project("{2150E333-8FDC-42A3-9474-1A3956D46DE8}") = "src", "src", "{02EA681E-C7D8-13C7-8484-4AC65E1B71E8}"
EndProject
Project("{2150E333-8FDC-42A3-9474-1A3956D46DE8}") = "test", "test", "{FA8ADFF9-C905-4CF8-8BBF-A959C408FC4A}"
EndProject
Project("{FAE04EC0-301F-11D3-BF4B-00C04F79EFBC}") = "Arrays", "src\Arrays\Arrays.csproj", "{4C3A9983-4725-6BF2-2BEB-B9B75D11CC97}"
EndProject
Project("{FAE04EC0-301F-11D3-BF4B-00C04F79EFBC}") = "ArraysUnitTests", "test\ArraysUnitTests\ArraysUnitTests.csproj", "{7AEA305A-9013-55B8-5D8D-902DF2C5661B}"
EndProject
Project("{FAE04EC0-301F-11D3-BF4B-00C04F79EFBC}") = "Searching", "src\Searching\Searching.csproj", "{CFE750A6-FACA-4369-9529-81F251894D9A}"
EndProject
Project("{FAE04EC0-301F-11D3-BF4B-00C04F79EFBC}") = "SearchingUnitTests", "test\SearchingUnitTests\SearchingUnitTests.csproj", "{22B44A48-5009-461D-8858-8502882311C6}"
EndProject
Project("{FAE04EC0-301F-11D3-BF4B-00C04F79EFBC}") = "BinaryTrees", "src\BinaryTrees\BinaryTrees.csproj", "{C422D92B-BEB3-4A52-B4EE-4CD89E93FE85}"
EndProject
Project("{FAE04EC0-301F-11D3-BF4B-00C04F79EFBC}") = "BinaryTreeUnitTests", "test\BinarySumsUnitTests\BinaryTreeUnitTests.csproj", "{1FA64801-13B2-4A6E-AAF2-1C662E4B4BE5}"
EndProject
Project("{FAE04EC0-301F-11D3-BF4B-00C04F79EFBC}") = "Sorting", "src\Sorting\Sorting.csproj", "{1FA6B21D-B76C-3032-B370-15DB23094AD2}"
EndProject
Project("{FAE04EC0-301F-11D3-BF4B-00C04F79EFBC}") = "BinarySearchTree", "src\BinarySearchTree\BinarySearchTree.csproj", "{E5906E75-7C73-EB30-BDBF-B8B7264A0051}"
EndProject
Project("{FAE04EC0-301F-11D3-BF4B-00C04F79EFBC}") = "Strings", "src\Strings\Strings.csproj", "{BDCC4C7D-7305-05AA-6EF6-F83E4881ACA5}"
EndProject
Project("{FAE04EC0-301F-11D3-BF4B-00C04F79EFBC}") = "SortingUnitTests", "test\SortingUnitTests\SortingUnitTests.csproj", "{4185B171-1B66-9AF0-3C71-7DA0FE29AB03}"
EndProject
Project("{FAE04EC0-301F-11D3-BF4B-00C04F79EFBC}") = "BinarySearchTreeUnitTests", "test\BinarySearchTreeUnitTests\BinarySearchTreeUnitTests.csproj", "{44B7B66F-101A-3F88-EE5D-694297937617}"
EndProject
Project("{FAE04EC0-301F-11D3-BF4B-00C04F79EFBC}") = "StringsUnitTests", "test\StringsUnitTests\StringsUnitTests.csproj", "{38285FBF-80B9-2D7C-5E1A-AD4CB26B008A}"
EndProject
Project("{FAE04EC0-301F-11D3-BF4B-00C04F79EFBC}") = "Graph", "src\Graphs\Graph.csproj", "{0D9230CE-6700-47EC-A616-3FA89EE08CD6}"
EndProject
Project("{FAE04EC0-301F-11D3-BF4B-00C04F79EFBC}") = "GraphUnitTests", "test\GraphUnitTests\GraphUnitTests.csproj", "{E2F4570F-EEBC-4920-B87F-A0268CA07780}"
EndProject
Project("{FAE04EC0-301F-11D3-BF4B-00C04F79EFBC}") = "LinkedList", "src\LinkedList\LinkedList.csproj", "{8DF3729F-609D-4250-9C34-16543F03FC52}"
EndProject
Project("{FAE04EC0-301F-11D3-BF4B-00C04F79EFBC}") = "LinkedListUnitTests", "test\LinkedListUnitTests\LinkedListUnitTests.csproj", "{B4FFA946-094E-424C-BE14-744DA5472695}"
EndProject
Project("{FAE04EC0-301F-11D3-BF4B-00C04F79EFBC}") = "GreedyAlgorithms", "src\GreedyAlgorithms\GreedyAlgorithms.csproj", "{EA94A16B-CF3E-47DA-8A9A-D1BF06BE2B0C}"
EndProject
Project("{FAE04EC0-301F-11D3-BF4B-00C04F79EFBC}") = "GreedyAlgorithmsUnitTests", "GreedyAlgorithmsUnitTests\GreedyAlgorithmsUnitTests.csproj", "{D5026140-142A-4BC5-8E46-B14D48A73774}"
EndProject
Project("{FAE04EC0-301F-11D3-BF4B-00C04F79EFBC}") = "Recursion", "src\Recurision\Recursion.csproj", "{77872A4E-8268-4A2B-9EFE-DA472145ADE5}"
EndProject
Project("{FAE04EC0-301F-11D3-BF4B-00C04F79EFBC}") = "RecursionUnitTests", "test\RecursionUnitTests\RecursionUnitTests.csproj", "{3EA42328-DE38-40F8-912B-40B3885F33B8}"
EndProject
Project("{FAE04EC0-301F-11D3-BF4B-00C04F79EFBC}") = "FamousAlgorithms", "src\FamousAlgorithms\FamousAlgorithms.csproj", "{F024104F-762A-4A27-9478-CD2C623BBCF5}"
EndProject
Project("{FAE04EC0-301F-11D3-BF4B-00C04F79EFBC}") = "FamousAlgorithmsUnitTests", "test\FamousAlgorithmsUnitTests\FamousAlgorithmsUnitTests.csproj", "{CA5FA048-DADF-43CE-BDF7-7F1605526C64}"
EndProject
Global
	GlobalSection(SolutionConfigurationPlatforms) = preSolution
		Debug|Any CPU = Debug|Any CPU
		Release|Any CPU = Release|Any CPU
	EndGlobalSection
	GlobalSection(ProjectConfigurationPlatforms) = postSolution
		{4C3A9983-4725-6BF2-2BEB-B9B75D11CC97}.Debug|Any CPU.ActiveCfg = Debug|Any CPU
		{4C3A9983-4725-6BF2-2BEB-B9B75D11CC97}.Debug|Any CPU.Build.0 = Debug|Any CPU
		{4C3A9983-4725-6BF2-2BEB-B9B75D11CC97}.Release|Any CPU.ActiveCfg = Release|Any CPU
		{4C3A9983-4725-6BF2-2BEB-B9B75D11CC97}.Release|Any CPU.Build.0 = Release|Any CPU
		{7AEA305A-9013-55B8-5D8D-902DF2C5661B}.Debug|Any CPU.ActiveCfg = Debug|Any CPU
		{7AEA305A-9013-55B8-5D8D-902DF2C5661B}.Debug|Any CPU.Build.0 = Debug|Any CPU
		{7AEA305A-9013-55B8-5D8D-902DF2C5661B}.Release|Any CPU.ActiveCfg = Release|Any CPU
		{7AEA305A-9013-55B8-5D8D-902DF2C5661B}.Release|Any CPU.Build.0 = Release|Any CPU
		{CFE750A6-FACA-4369-9529-81F251894D9A}.Debug|Any CPU.ActiveCfg = Debug|Any CPU
		{CFE750A6-FACA-4369-9529-81F251894D9A}.Debug|Any CPU.Build.0 = Debug|Any CPU
		{CFE750A6-FACA-4369-9529-81F251894D9A}.Release|Any CPU.ActiveCfg = Release|Any CPU
		{CFE750A6-FACA-4369-9529-81F251894D9A}.Release|Any CPU.Build.0 = Release|Any CPU
		{22B44A48-5009-461D-8858-8502882311C6}.Debug|Any CPU.ActiveCfg = Debug|Any CPU
		{22B44A48-5009-461D-8858-8502882311C6}.Debug|Any CPU.Build.0 = Debug|Any CPU
		{22B44A48-5009-461D-8858-8502882311C6}.Release|Any CPU.ActiveCfg = Release|Any CPU
		{22B44A48-5009-461D-8858-8502882311C6}.Release|Any CPU.Build.0 = Release|Any CPU
		{C422D92B-BEB3-4A52-B4EE-4CD89E93FE85}.Debug|Any CPU.ActiveCfg = Debug|Any CPU
		{C422D92B-BEB3-4A52-B4EE-4CD89E93FE85}.Debug|Any CPU.Build.0 = Debug|Any CPU
		{C422D92B-BEB3-4A52-B4EE-4CD89E93FE85}.Release|Any CPU.ActiveCfg = Release|Any CPU
		{C422D92B-BEB3-4A52-B4EE-4CD89E93FE85}.Release|Any CPU.Build.0 = Release|Any CPU
		{1FA64801-13B2-4A6E-AAF2-1C662E4B4BE5}.Debug|Any CPU.ActiveCfg = Debug|Any CPU
		{1FA64801-13B2-4A6E-AAF2-1C662E4B4BE5}.Debug|Any CPU.Build.0 = Debug|Any CPU
		{1FA64801-13B2-4A6E-AAF2-1C662E4B4BE5}.Release|Any CPU.ActiveCfg = Release|Any CPU
		{1FA64801-13B2-4A6E-AAF2-1C662E4B4BE5}.Release|Any CPU.Build.0 = Release|Any CPU
		{1FA6B21D-B76C-3032-B370-15DB23094AD2}.Debug|Any CPU.ActiveCfg = Debug|Any CPU
		{1FA6B21D-B76C-3032-B370-15DB23094AD2}.Debug|Any CPU.Build.0 = Debug|Any CPU
		{1FA6B21D-B76C-3032-B370-15DB23094AD2}.Release|Any CPU.ActiveCfg = Release|Any CPU
		{1FA6B21D-B76C-3032-B370-15DB23094AD2}.Release|Any CPU.Build.0 = Release|Any CPU
		{E5906E75-7C73-EB30-BDBF-B8B7264A0051}.Debug|Any CPU.ActiveCfg = Debug|Any CPU
		{E5906E75-7C73-EB30-BDBF-B8B7264A0051}.Debug|Any CPU.Build.0 = Debug|Any CPU
		{E5906E75-7C73-EB30-BDBF-B8B7264A0051}.Release|Any CPU.ActiveCfg = Release|Any CPU
		{E5906E75-7C73-EB30-BDBF-B8B7264A0051}.Release|Any CPU.Build.0 = Release|Any CPU
		{BDCC4C7D-7305-05AA-6EF6-F83E4881ACA5}.Debug|Any CPU.ActiveCfg = Debug|Any CPU
		{BDCC4C7D-7305-05AA-6EF6-F83E4881ACA5}.Debug|Any CPU.Build.0 = Debug|Any CPU
		{BDCC4C7D-7305-05AA-6EF6-F83E4881ACA5}.Release|Any CPU.ActiveCfg = Release|Any CPU
		{BDCC4C7D-7305-05AA-6EF6-F83E4881ACA5}.Release|Any CPU.Build.0 = Release|Any CPU
		{4185B171-1B66-9AF0-3C71-7DA0FE29AB03}.Debug|Any CPU.ActiveCfg = Debug|Any CPU
		{4185B171-1B66-9AF0-3C71-7DA0FE29AB03}.Debug|Any CPU.Build.0 = Debug|Any CPU
		{4185B171-1B66-9AF0-3C71-7DA0FE29AB03}.Release|Any CPU.ActiveCfg = Release|Any CPU
		{4185B171-1B66-9AF0-3C71-7DA0FE29AB03}.Release|Any CPU.Build.0 = Release|Any CPU
		{44B7B66F-101A-3F88-EE5D-694297937617}.Debug|Any CPU.ActiveCfg = Debug|Any CPU
		{44B7B66F-101A-3F88-EE5D-694297937617}.Debug|Any CPU.Build.0 = Debug|Any CPU
		{44B7B66F-101A-3F88-EE5D-694297937617}.Release|Any CPU.ActiveCfg = Release|Any CPU
		{44B7B66F-101A-3F88-EE5D-694297937617}.Release|Any CPU.Build.0 = Release|Any CPU
		{38285FBF-80B9-2D7C-5E1A-AD4CB26B008A}.Debug|Any CPU.ActiveCfg = Debug|Any CPU
		{38285FBF-80B9-2D7C-5E1A-AD4CB26B008A}.Debug|Any CPU.Build.0 = Debug|Any CPU
		{38285FBF-80B9-2D7C-5E1A-AD4CB26B008A}.Release|Any CPU.ActiveCfg = Release|Any CPU
		{38285FBF-80B9-2D7C-5E1A-AD4CB26B008A}.Release|Any CPU.Build.0 = Release|Any CPU
		{0D9230CE-6700-47EC-A616-3FA89EE08CD6}.Debug|Any CPU.ActiveCfg = Debug|Any CPU
		{0D9230CE-6700-47EC-A616-3FA89EE08CD6}.Debug|Any CPU.Build.0 = Debug|Any CPU
		{0D9230CE-6700-47EC-A616-3FA89EE08CD6}.Release|Any CPU.ActiveCfg = Release|Any CPU
		{0D9230CE-6700-47EC-A616-3FA89EE08CD6}.Release|Any CPU.Build.0 = Release|Any CPU
		{E2F4570F-EEBC-4920-B87F-A0268CA07780}.Debug|Any CPU.ActiveCfg = Debug|Any CPU
		{E2F4570F-EEBC-4920-B87F-A0268CA07780}.Debug|Any CPU.Build.0 = Debug|Any CPU
		{E2F4570F-EEBC-4920-B87F-A0268CA07780}.Release|Any CPU.ActiveCfg = Release|Any CPU
		{E2F4570F-EEBC-4920-B87F-A0268CA07780}.Release|Any CPU.Build.0 = Release|Any CPU
		{8DF3729F-609D-4250-9C34-16543F03FC52}.Debug|Any CPU.ActiveCfg = Debug|Any CPU
		{8DF3729F-609D-4250-9C34-16543F03FC52}.Debug|Any CPU.Build.0 = Debug|Any CPU
		{8DF3729F-609D-4250-9C34-16543F03FC52}.Release|Any CPU.ActiveCfg = Release|Any CPU
		{8DF3729F-609D-4250-9C34-16543F03FC52}.Release|Any CPU.Build.0 = Release|Any CPU
		{B4FFA946-094E-424C-BE14-744DA5472695}.Debug|Any CPU.ActiveCfg = Debug|Any CPU
		{B4FFA946-094E-424C-BE14-744DA5472695}.Debug|Any CPU.Build.0 = Debug|Any CPU
		{B4FFA946-094E-424C-BE14-744DA5472695}.Release|Any CPU.ActiveCfg = Release|Any CPU
		{B4FFA946-094E-424C-BE14-744DA5472695}.Release|Any CPU.Build.0 = Release|Any CPU
		{EA94A16B-CF3E-47DA-8A9A-D1BF06BE2B0C}.Debug|Any CPU.ActiveCfg = Debug|Any CPU
		{EA94A16B-CF3E-47DA-8A9A-D1BF06BE2B0C}.Debug|Any CPU.Build.0 = Debug|Any CPU
		{EA94A16B-CF3E-47DA-8A9A-D1BF06BE2B0C}.Release|Any CPU.ActiveCfg = Release|Any CPU
		{EA94A16B-CF3E-47DA-8A9A-D1BF06BE2B0C}.Release|Any CPU.Build.0 = Release|Any CPU
		{D5026140-142A-4BC5-8E46-B14D48A73774}.Debug|Any CPU.ActiveCfg = Debug|Any CPU
		{D5026140-142A-4BC5-8E46-B14D48A73774}.Debug|Any CPU.Build.0 = Debug|Any CPU
		{D5026140-142A-4BC5-8E46-B14D48A73774}.Release|Any CPU.ActiveCfg = Release|Any CPU
		{D5026140-142A-4BC5-8E46-B14D48A73774}.Release|Any CPU.Build.0 = Release|Any CPU
		{77872A4E-8268-4A2B-9EFE-DA472145ADE5}.Debug|Any CPU.ActiveCfg = Debug|Any CPU
		{77872A4E-8268-4A2B-9EFE-DA472145ADE5}.Debug|Any CPU.Build.0 = Debug|Any CPU
		{77872A4E-8268-4A2B-9EFE-DA472145ADE5}.Release|Any CPU.ActiveCfg = Release|Any CPU
		{77872A4E-8268-4A2B-9EFE-DA472145ADE5}.Release|Any CPU.Build.0 = Release|Any CPU
		{3EA42328-DE38-40F8-912B-40B3885F33B8}.Debug|Any CPU.ActiveCfg = Debug|Any CPU
		{3EA42328-DE38-40F8-912B-40B3885F33B8}.Debug|Any CPU.Build.0 = Debug|Any CPU
		{3EA42328-DE38-40F8-912B-40B3885F33B8}.Release|Any CPU.ActiveCfg = Release|Any CPU
		{3EA42328-DE38-40F8-912B-40B3885F33B8}.Release|Any CPU.Build.0 = Release|Any CPU
		{F024104F-762A-4A27-9478-CD2C623BBCF5}.Debug|Any CPU.ActiveCfg = Debug|Any CPU
		{F024104F-762A-4A27-9478-CD2C623BBCF5}.Debug|Any CPU.Build.0 = Debug|Any CPU
		{F024104F-762A-4A27-9478-CD2C623BBCF5}.Release|Any CPU.ActiveCfg = Release|Any CPU
		{F024104F-762A-4A27-9478-CD2C623BBCF5}.Release|Any CPU.Build.0 = Release|Any CPU
		{CA5FA048-DADF-43CE-BDF7-7F1605526C64}.Debug|Any CPU.ActiveCfg = Debug|Any CPU
		{CA5FA048-DADF-43CE-BDF7-7F1605526C64}.Debug|Any CPU.Build.0 = Debug|Any CPU
		{CA5FA048-DADF-43CE-BDF7-7F1605526C64}.Release|Any CPU.ActiveCfg = Release|Any CPU
		{CA5FA048-DADF-43CE-BDF7-7F1605526C64}.Release|Any CPU.Build.0 = Release|Any CPU
	EndGlobalSection
	GlobalSection(SolutionProperties) = preSolution
		HideSolutionNode = FALSE
	EndGlobalSection
	GlobalSection(NestedProjects) = preSolution
		{4C3A9983-4725-6BF2-2BEB-B9B75D11CC97} = {02EA681E-C7D8-13C7-8484-4AC65E1B71E8}
		{7AEA305A-9013-55B8-5D8D-902DF2C5661B} = {FA8ADFF9-C905-4CF8-8BBF-A959C408FC4A}
		{CFE750A6-FACA-4369-9529-81F251894D9A} = {02EA681E-C7D8-13C7-8484-4AC65E1B71E8}
		{22B44A48-5009-461D-8858-8502882311C6} = {FA8ADFF9-C905-4CF8-8BBF-A959C408FC4A}
		{C422D92B-BEB3-4A52-B4EE-4CD89E93FE85} = {02EA681E-C7D8-13C7-8484-4AC65E1B71E8}
		{1FA64801-13B2-4A6E-AAF2-1C662E4B4BE5} = {FA8ADFF9-C905-4CF8-8BBF-A959C408FC4A}
		{1FA6B21D-B76C-3032-B370-15DB23094AD2} = {02EA681E-C7D8-13C7-8484-4AC65E1B71E8}
		{E5906E75-7C73-EB30-BDBF-B8B7264A0051} = {02EA681E-C7D8-13C7-8484-4AC65E1B71E8}
		{BDCC4C7D-7305-05AA-6EF6-F83E4881ACA5} = {02EA681E-C7D8-13C7-8484-4AC65E1B71E8}
		{4185B171-1B66-9AF0-3C71-7DA0FE29AB03} = {FA8ADFF9-C905-4CF8-8BBF-A959C408FC4A}
		{44B7B66F-101A-3F88-EE5D-694297937617} = {FA8ADFF9-C905-4CF8-8BBF-A959C408FC4A}
		{38285FBF-80B9-2D7C-5E1A-AD4CB26B008A} = {FA8ADFF9-C905-4CF8-8BBF-A959C408FC4A}
		{0D9230CE-6700-47EC-A616-3FA89EE08CD6} = {02EA681E-C7D8-13C7-8484-4AC65E1B71E8}
		{E2F4570F-EEBC-4920-B87F-A0268CA07780} = {FA8ADFF9-C905-4CF8-8BBF-A959C408FC4A}
		{8DF3729F-609D-4250-9C34-16543F03FC52} = {02EA681E-C7D8-13C7-8484-4AC65E1B71E8}
		{B4FFA946-094E-424C-BE14-744DA5472695} = {FA8ADFF9-C905-4CF8-8BBF-A959C408FC4A}
		{EA94A16B-CF3E-47DA-8A9A-D1BF06BE2B0C} = {02EA681E-C7D8-13C7-8484-4AC65E1B71E8}
		{D5026140-142A-4BC5-8E46-B14D48A73774} = {FA8ADFF9-C905-4CF8-8BBF-A959C408FC4A}
		{77872A4E-8268-4A2B-9EFE-DA472145ADE5} = {02EA681E-C7D8-13C7-8484-4AC65E1B71E8}
		{3EA42328-DE38-40F8-912B-40B3885F33B8} = {FA8ADFF9-C905-4CF8-8BBF-A959C408FC4A}
		{F024104F-762A-4A27-9478-CD2C623BBCF5} = {02EA681E-C7D8-13C7-8484-4AC65E1B71E8}
		{CA5FA048-DADF-43CE-BDF7-7F1605526C64} = {FA8ADFF9-C905-4CF8-8BBF-A959C408FC4A}
	EndGlobalSection
	GlobalSection(ExtensibilityGlobals) = postSolution
		SolutionGuid = {CD388723-B3A0-429D-886E-CC5118FD2358}
	EndGlobalSection
EndGlobal
